
Microsoft Visual Studio Solution File, Format Version 12.00
# Visual Studio Version 17
VisualStudioVersion = 17.6.33829.357
MinimumVisualStudioVersion = 10.0.40219.1
Project("{9A19103F-16F7-4668-BE54-9A1E7A4F7556}") = "MyToDo", "MyToDo\MyToDo.csproj", "{550BB0A1-218F-470C-832B-3005FBD268DF}"
EndProject
Project("{9A19103F-16F7-4668-BE54-9A1E7A4F7556}") = "MyToDo.Library", "MyToDo.Entity\MyToDo.Library.csproj", "{CA3AD14B-3D97-41FE-B5D2-F2EC83568948}"
EndProject
Project("{2150E333-8FDC-42A3-9474-1A3956D46DE8}") = "Solution Items", "Solution Items", "{FBD77762-E872-4987-B143-82BFB1BAE3EA}"
	ProjectSection(SolutionItems) = preProject
		.editorconfig = .editorconfig
	EndProjectSection
EndProject
Project("{9A19103F-16F7-4668-BE54-9A1E7A4F7556}") = "MyToDo.Api", "MyToDo.Api\MyToDo.Api.csproj", "{058A521D-0791-49F2-8595-81D1E99DB581}"
EndProject
Project("{FAE04EC0-301F-11D3-BF4B-00C04F79EFBC}") = "MyToDo.IdentityServer", "MyToDo.IdentityServer\MyToDo.IdentityServer.csproj", "{540A8ECE-CF82-4905-A0C8-731074156116}"
EndProject
Global
	GlobalSection(SolutionConfigurationPlatforms) = preSolution
		Debug|Any CPU = Debug|Any CPU
		Release|Any CPU = Release|Any CPU
	EndGlobalSection
	GlobalSection(ProjectConfigurationPlatforms) = postSolution
		{550BB0A1-218F-470C-832B-3005FBD268DF}.Debug|Any CPU.ActiveCfg = Debug|Any CPU
		{550BB0A1-218F-470C-832B-3005FBD268DF}.Debug|Any CPU.Build.0 = Debug|Any CPU
		{550BB0A1-218F-470C-832B-3005FBD268DF}.Release|Any CPU.ActiveCfg = Release|Any CPU
		{550BB0A1-218F-470C-832B-3005FBD268DF}.Release|Any CPU.Build.0 = Release|Any CPU
		{CA3AD14B-3D97-41FE-B5D2-F2EC83568948}.Debug|Any CPU.ActiveCfg = Debug|Any CPU
		{CA3AD14B-3D97-41FE-B5D2-F2EC83568948}.Debug|Any CPU.Build.0 = Debug|Any CPU
		{CA3AD14B-3D97-41FE-B5D2-F2EC83568948}.Release|Any CPU.ActiveCfg = Release|Any CPU
		{CA3AD14B-3D97-41FE-B5D2-F2EC83568948}.Release|Any CPU.Build.0 = Release|Any CPU
		{058A521D-0791-49F2-8595-81D1E99DB581}.Debug|Any CPU.ActiveCfg = Debug|Any CPU
		{058A521D-0791-49F2-8595-81D1E99DB581}.Debug|Any CPU.Build.0 = Debug|Any CPU
		{058A521D-0791-49F2-8595-81D1E99DB581}.Release|Any CPU.ActiveCfg = Release|Any CPU
		{058A521D-0791-49F2-8595-81D1E99DB581}.Release|Any CPU.Build.0 = Release|Any CPU
		{540A8ECE-CF82-4905-A0C8-731074156116}.Debug|Any CPU.ActiveCfg = Debug|Any CPU
		{540A8ECE-CF82-4905-A0C8-731074156116}.Debug|Any CPU.Build.0 = Debug|Any CPU
		{540A8ECE-CF82-4905-A0C8-731074156116}.Release|Any CPU.ActiveCfg = Release|Any CPU
		{540A8ECE-CF82-4905-A0C8-731074156116}.Release|Any CPU.Build.0 = Release|Any CPU
	EndGlobalSection
	GlobalSection(SolutionProperties) = preSolution
		HideSolutionNode = FALSE
	EndGlobalSection
	GlobalSection(ExtensibilityGlobals) = postSolution
		SolutionGuid = {43FF2DAA-2353-494B-B895-99BF917B1CA6}
	EndGlobalSection
EndGlobal
